{
  "nodes": {
    "home-manager": {
      "inputs": {
        "nixpkgs": [
          "nixpkgs"
        ]
      },
      "locked": {
        "lastModified": 1742305478,
        "narHash": "sha256-iYCinzZnnUeCkZ031qGRwPdwRsqW6o9Y0MgGpA7Zva4=",
        "owner": "nix-community",
        "repo": "home-manager",
        "rev": "fb74bb76d94a6c55632376c931fc108131260ee9",
        "type": "github"
      },
      "original": {
        "owner": "nix-community",
        "repo": "home-manager",
        "type": "github"
      }
    },
    "nix-darwin": {
      "inputs": {
        "nixpkgs": [
          "nixpkgs"
        ]
      },
      "locked": {
        "lastModified": 1742165923,
        "narHash": "sha256-WKzuVsHXjuxYjS9KxKdpoPWpT37LofyS5llSssEw058=",
        "owner": "LnL7",
        "repo": "nix-darwin",
        "rev": "95eac71bf52b271523d0ca81dbbeb3182990fc24",
        "type": "github"
      },
      "original": {
        "owner": "LnL7",
        "repo": "nix-darwin",
        "type": "github"
      }
    },
    "nixpkgs": {
      "locked": {
        "lastModified": 1742237028,
        "narHash": "sha256-xlpHmgBxUnvHo8FNnju0sgnEyasb4gC607b+keqjmX8=",
        "owner": "NixOS",
        "repo": "nixpkgs",
        "rev": "9bc8a90931262245919a26f995c1f24c6c70d3fe",
        "type": "github"
      },
      "original": {
        "owner": "NixOS",
        "ref": "nixpkgs-unstable",
        "repo": "nixpkgs",
        "type": "github"
      }
    },
    "nixpkgs-joao": {
      "locked": {
        "lastModified": 1740069942,
        "narHash": "sha256-apSycfUCGQrC5/v/1FwsmezNCFgOvdMteT5W+Ut94w8=",
        "owner": "jpalharini",
        "repo": "nixpkgs",
        "rev": "37f0f5497463a96ff49da70f8e9185d507ef5b0c",
        "type": "github"
      },
      "original": {
        "owner": "jpalharini",
        "ref": "bump-espanso",
        "repo": "nixpkgs",
        "type": "github"
      }
    },
    "root": {
      "inputs": {
        "home-manager": "home-manager",
        "nix-darwin": "nix-darwin",
        "nixpkgs": "nixpkgs",
        "nixpkgs-joao": "nixpkgs-joao",
        "secrets-repo": "secrets-repo"
      }
    },
    "secrets-repo": {
      "flake": false,
      "locked": {
        "lastModified": 1741794866,
        "narHash": "sha256-2ApWR32ZDvhDAa5mhpIXpj+uw0auKOXyIyGvx87gXb4=",
        "ref": "refs/heads/main",
        "rev": "6b1e8feefcff3314f5ec080d2a3062fd5582f763",
        "revCount": 7,
        "type": "git",
        "url": "ssh://git@nu-precision.home/srv/git/secrets"
      },
      "original": {
        "type": "git",
        "url": "ssh://git@nu-precision.home/srv/git/secrets"
      }
    }
  },
  "root": "root",
  "version": 7
}
