{
  "nodes": {
    "home-manager": {
      "inputs": {
        "nixpkgs": [
          "nixpkgs"
        ]
      },
      "locked": {
        "lastModified": 1742825959,
        "narHash": "sha256-wgnQZMrLLQJlZ+htTXzoQtoz9EzL15Z2crH3+OnRmMk=",
        "owner": "nix-community",
        "repo": "home-manager",
        "rev": "908e055e157a0b35466faf4125d7e7410ff56160",
        "type": "github"
      },
      "original": {
        "owner": "nix-community",
        "repo": "home-manager",
        "type": "github"
      }
    },
    "nix-darwin": {
      "inputs": {
        "nixpkgs": [
          "nixpkgs"
        ]
      },
      "locked": {
        "lastModified": 1742741935,
        "narHash": "sha256-ZCNvPYWkL9hxzgWn1gmYCZItqBU4ujsWjwWNpcwCjfQ=",
        "owner": "LnL7",
        "repo": "nix-darwin",
        "rev": "ebb88c3428dcdd95c06dca4d49b9791a65ab777b",
        "type": "github"
      },
      "original": {
        "owner": "LnL7",
        "repo": "nix-darwin",
        "type": "github"
      }
    },
    "nixpkgs": {
      "locked": {
        "lastModified": 1742707865,
        "narHash": "sha256-RVQQZy38O3Zb8yoRJhuFgWo/iDIDj0hEdRTVfhOtzRk=",
        "owner": "NixOS",
        "repo": "nixpkgs",
        "rev": "dd613136ee91f67e5dba3f3f41ac99ae89c5406b",
        "type": "github"
      },
      "original": {
        "owner": "NixOS",
        "ref": "nixpkgs-unstable",
        "repo": "nixpkgs",
        "type": "github"
      }
    },
    "nixpkgs-joao": {
      "locked": {
        "lastModified": 1740069942,
        "narHash": "sha256-apSycfUCGQrC5/v/1FwsmezNCFgOvdMteT5W+Ut94w8=",
        "owner": "jpalharini",
        "repo": "nixpkgs",
        "rev": "37f0f5497463a96ff49da70f8e9185d507ef5b0c",
        "type": "github"
      },
      "original": {
        "owner": "jpalharini",
        "ref": "bump-espanso",
        "repo": "nixpkgs",
        "type": "github"
      }
    },
    "root": {
      "inputs": {
        "home-manager": "home-manager",
        "nix-darwin": "nix-darwin",
        "nixpkgs": "nixpkgs",
        "nixpkgs-joao": "nixpkgs-joao",
        "secrets-repo": "secrets-repo"
      }
    },
    "secrets-repo": {
      "flake": false,
      "locked": {
        "lastModified": 1740665526,
        "narHash": "sha256-vdoca6nzw74bUzvkNWE/HSYy3mG0Q+EzbJR9Rx6iu5M=",
        "ref": "refs/heads/main",
        "rev": "1bfa2953d83b4d8864e6d12ab1deb754fe5e55a6",
        "revCount": 6,
        "type": "git",
        "url": "ssh://git@nu-precision.home/srv/git/secrets"
      },
      "original": {
        "type": "git",
        "url": "ssh://git@nu-precision.home/srv/git/secrets"
      }
    }
  },
  "root": "root",
  "version": 7
}
